
Microsoft Visual Studio Solution File, Format Version 12.00
# Visual Studio Version 16
VisualStudioVersion = 16.0.29920.165
MinimumVisualStudioVersion = 10.0.40219.1
Project("{FAE04EC0-301F-11D3-BF4B-00C04F79EFBC}") = "BoxingUnboxing", "BoxingUnboxing\BoxingUnboxing.csproj", "{2E61F15D-6712-400A-A9C4-BF1207390683}"
EndProject
Global
	GlobalSection(SolutionConfigurationPlatforms) = preSolution
		Debug|Any CPU = Debug|Any CPU
		Release|Any CPU = Release|Any CPU
	EndGlobalSection
	GlobalSection(ProjectConfigurationPlatforms) = postSolution
		{2E61F15D-6712-400A-A9C4-BF1207390683}.Debug|Any CPU.ActiveCfg = Debug|Any CPU
		{2E61F15D-6712-400A-A9C4-BF1207390683}.Debug|Any CPU.Build.0 = Debug|Any CPU
		{2E61F15D-6712-400A-A9C4-BF1207390683}.Release|Any CPU.ActiveCfg = Release|Any CPU
		{2E61F15D-6712-400A-A9C4-BF1207390683}.Release|Any CPU.Build.0 = Release|Any CPU
	EndGlobalSection
	GlobalSection(SolutionProperties) = preSolution
		HideSolutionNode = FALSE
	EndGlobalSection
	GlobalSection(ExtensibilityGlobals) = postSolution
		SolutionGuid = {7178A7DA-7655-4F22-8868-77DDB9069828}
	EndGlobalSection
EndGlobal
